
Microsoft Visual Studio Solution File, Format Version 12.00
# Visual Studio Version 16
VisualStudioVersion = 25.0.1704.2
MinimumVisualStudioVersion = 10.0.40219.1
Project("{FAE04EC0-301F-11D3-BF4B-00C04F79EFBC}") = "okrDemoApp", "okrDemoApp\okrDemoApp.csproj", "{884B1C9B-B2FC-409B-9C91-7DCC4F95D318}"
EndProject
Project("{E53339B2-1760-4266-BCC7-CA923CBCF16C}") = "docker-compose", "docker-compose.dcproj", "{3E76A4A5-021C-4C23-A5F7-C40378C45C33}"
EndProject
Global
	GlobalSection(SolutionConfigurationPlatforms) = preSolution
		Debug|Any CPU = Debug|Any CPU
		Release|Any CPU = Release|Any CPU
	EndGlobalSection
	GlobalSection(ProjectConfigurationPlatforms) = postSolution
		{884B1C9B-B2FC-409B-9C91-7DCC4F95D318}.Debug|Any CPU.ActiveCfg = Debug|Any CPU
		{884B1C9B-B2FC-409B-9C91-7DCC4F95D318}.Debug|Any CPU.Build.0 = Debug|Any CPU
		{884B1C9B-B2FC-409B-9C91-7DCC4F95D318}.Release|Any CPU.ActiveCfg = Release|Any CPU
		{884B1C9B-B2FC-409B-9C91-7DCC4F95D318}.Release|Any CPU.Build.0 = Release|Any CPU
		{3E76A4A5-021C-4C23-A5F7-C40378C45C33}.Debug|Any CPU.ActiveCfg = Debug|Any CPU
		{3E76A4A5-021C-4C23-A5F7-C40378C45C33}.Debug|Any CPU.Build.0 = Debug|Any CPU
		{3E76A4A5-021C-4C23-A5F7-C40378C45C33}.Release|Any CPU.ActiveCfg = Release|Any CPU
		{3E76A4A5-021C-4C23-A5F7-C40378C45C33}.Release|Any CPU.Build.0 = Release|Any CPU
	EndGlobalSection
	GlobalSection(SolutionProperties) = preSolution
		HideSolutionNode = FALSE
	EndGlobalSection
	GlobalSection(ExtensibilityGlobals) = postSolution
		SolutionGuid = {65EDAD74-5235-4555-AA6F-6C8B2ADC91A9}
	EndGlobalSection
EndGlobal
